
Microsoft Visual Studio Solution File, Format Version 12.00
# Visual Studio 15
VisualStudioVersion = 15.0.27428.2011
MinimumVisualStudioVersion = 10.0.40219.1
Project("{547D9BF2-D680-45AD-A5EE-E581ACD20070}") = "CAP500_GLOBAL_V2", "CAP500_GLOBAL_V2\CAP500_GLOBAL_V2.csproj", "{11169A2D-D5A0-4D2F-BC68-0775E338045B}"
EndProject
Global
	GlobalSection(SolutionConfigurationPlatforms) = preSolution
		Debug|Any CPU = Debug|Any CPU
		Release|Any CPU = Release|Any CPU
	EndGlobalSection
	GlobalSection(ProjectConfigurationPlatforms) = postSolution
		{11169A2D-D5A0-4D2F-BC68-0775E338045B}.Debug|Any CPU.ActiveCfg = Debug|Any CPU
		{11169A2D-D5A0-4D2F-BC68-0775E338045B}.Debug|Any CPU.Build.0 = Debug|Any CPU
		{11169A2D-D5A0-4D2F-BC68-0775E338045B}.Release|Any CPU.ActiveCfg = Release|Any CPU
		{11169A2D-D5A0-4D2F-BC68-0775E338045B}.Release|Any CPU.Build.0 = Release|Any CPU
	EndGlobalSection
	GlobalSection(SolutionProperties) = preSolution
		HideSolutionNode = FALSE
	EndGlobalSection
	GlobalSection(ExtensibilityGlobals) = postSolution
		SolutionGuid = {5835C378-070E-4D8E-8D06-C6892241F018}
	EndGlobalSection
EndGlobal